
Microsoft Visual Studio Solution File, Format Version 12.00
# Visual Studio Version 17
VisualStudioVersion = 17.7.34009.444
MinimumVisualStudioVersion = 10.0.40219.1
Project("{9A19103F-16F7-4668-BE54-9A1E7A4F7556}") = "Productos.Server", "Productos.Server\Productos.Server.csproj", "{6DCC1BDC-B9C5-4835-881A-9E66AF3042BC}"
EndProject
Project("{FAE04EC0-301F-11D3-BF4B-00C04F79EFBC}") = "Productos.Cliente", "Productos.Cliente\Productos.Cliente.csproj", "{A1BF011B-948D-4278-BF66-44313EB3E901}"
EndProject
Global
	GlobalSection(SolutionConfigurationPlatforms) = preSolution
		Debug|Any CPU = Debug|Any CPU
		Release|Any CPU = Release|Any CPU
	EndGlobalSection
	GlobalSection(ProjectConfigurationPlatforms) = postSolution
		{6DCC1BDC-B9C5-4835-881A-9E66AF3042BC}.Debug|Any CPU.ActiveCfg = Debug|Any CPU
		{6DCC1BDC-B9C5-4835-881A-9E66AF3042BC}.Debug|Any CPU.Build.0 = Debug|Any CPU
		{6DCC1BDC-B9C5-4835-881A-9E66AF3042BC}.Release|Any CPU.ActiveCfg = Release|Any CPU
		{6DCC1BDC-B9C5-4835-881A-9E66AF3042BC}.Release|Any CPU.Build.0 = Release|Any CPU
		{A1BF011B-948D-4278-BF66-44313EB3E901}.Debug|Any CPU.ActiveCfg = Debug|Any CPU
		{A1BF011B-948D-4278-BF66-44313EB3E901}.Debug|Any CPU.Build.0 = Debug|Any CPU
		{A1BF011B-948D-4278-BF66-44313EB3E901}.Release|Any CPU.ActiveCfg = Release|Any CPU
		{A1BF011B-948D-4278-BF66-44313EB3E901}.Release|Any CPU.Build.0 = Release|Any CPU
	EndGlobalSection
	GlobalSection(SolutionProperties) = preSolution
		HideSolutionNode = FALSE
	EndGlobalSection
	GlobalSection(ExtensibilityGlobals) = postSolution
		SolutionGuid = {CDE528B2-BC21-47CC-862F-4EE3B4074ABE}
	EndGlobalSection
EndGlobal
